// !$*UTF8*$!
{
	archiveVersion = 1;
	classes = {
	};
	objectVersion = 46;
	objects = {

/* Begin PBXBuildFile section */
		1DDD58160DA1D0A300B32029 /* MainMenu.xib in Resources */ = {isa = PBXBuildFile; fileRef = 1DDD58140DA1D0A300B32029 /* MainMenu.xib */; };
		256AC3DA0F4B6AC300CF3369 /* AppDelegate.m in Sources */ = {isa = PBXBuildFile; fileRef = 256AC3D90F4B6AC300CF3369 /* AppDelegate.m */; };
		3A20383212122B2B003813B2 /* dsa_pub.pem in Resources */ = {isa = PBXBuildFile; fileRef = 3A20383112122B2B003813B2 /* dsa_pub.pem */; };
		3A2DCCB61210B3BF00C920F1 /* PFMoveApplication.m in Sources */ = {isa = PBXBuildFile; fileRef = 3A2DCCB51210B3BF00C920F1 /* PFMoveApplication.m */; settings = {COMPILER_FLAGS = "-fno-objc-arc"; }; };
		3A2DCCBE1210B3D900C920F1 /* Security.framework in Frameworks */ = {isa = PBXBuildFile; fileRef = 3A2DCCBD1210B3D900C920F1 /* Security.framework */; };
		3A4C61D4120DF3ED0032F63A /* OgreKit.framework in CopyFiles */ = {isa = PBXBuildFile; fileRef = 3A4C61D3120DF3ED0032F63A /* OgreKit.framework */; };
		3A6AB587120F402A00D51D2C /* OgreKit.framework in Frameworks */ = {isa = PBXBuildFile; fileRef = 3A4C61D3120DF3ED0032F63A /* OgreKit.framework */; };
		3AFEF129120DF8CE0098B59D /* Hachidori.m in Sources */ = {isa = PBXBuildFile; fileRef = 3AFEF128120DF8CE0098B59D /* Hachidori.m */; };
		5C000E4419F30EA50026F350 /* SoftwareUpdatesPref.m in Sources */ = {isa = PBXBuildFile; fileRef = 5C000E4319F30EA50026F350 /* SoftwareUpdatesPref.m */; };
		5C0A2C4B122C7F960096908D /* Credits.rtf in Resources */ = {isa = PBXBuildFile; fileRef = 5C0A2C4A122C7F960096908D /* Credits.rtf */; };
		5C2B9DC41221E9E5006DEF0D /* MAL_Updater_OS_X_DataModel.xcdatamodel in Sources */ = {isa = PBXBuildFile; fileRef = 5C2B9DC31221E9E5006DEF0D /* MAL_Updater_OS_X_DataModel.xcdatamodel */; };
		5C2B9DFC1221EB25006DEF0D /* CoreData.framework in Frameworks */ = {isa = PBXBuildFile; fileRef = 5C2B9DFB1221EB25006DEF0D /* CoreData.framework */; };
		5C2D50601329810000B31C08 /* libxml2.dylib in Frameworks */ = {isa = PBXBuildFile; fileRef = 5C2D505F1329810000B31C08 /* libxml2.dylib */; };
		5C2D50621329810700B31C08 /* libxml2.2.dylib in Frameworks */ = {isa = PBXBuildFile; fileRef = 5C2D50611329810700B31C08 /* libxml2.2.dylib */; };
		5C2E54181A45046B006858B3 /* testdata.json in Resources */ = {isa = PBXBuildFile; fileRef = 5C2E54171A45046B006858B3 /* testdata.json */; };
		5C30BC07139A9DD1000B83C5 /* PreferencesSoftwareUpdateIcon.tiff in Resources */ = {isa = PBXBuildFile; fileRef = 5C30BC06139A9DD1000B83C5 /* PreferencesSoftwareUpdateIcon.tiff */; };
		5C54FFF61A369A4D00020C87 /* MASPreferencesWindow.xib in Resources */ = {isa = PBXBuildFile; fileRef = 5C54FFF81A369A4D00020C87 /* MASPreferencesWindow.xib */; };
		5C75EAC01A36069E00A20229 /* MASShortcut.m in Sources */ = {isa = PBXBuildFile; fileRef = 5C75EAB71A36069E00A20229 /* MASShortcut.m */; };
		5C75EAC11A36069E00A20229 /* MASShortcut+Monitoring.m in Sources */ = {isa = PBXBuildFile; fileRef = 5C75EAB91A36069E00A20229 /* MASShortcut+Monitoring.m */; };
		5C75EAC21A36069E00A20229 /* MASShortcut+UserDefaults.m in Sources */ = {isa = PBXBuildFile; fileRef = 5C75EABB1A36069E00A20229 /* MASShortcut+UserDefaults.m */; };
		5C75EAC31A36069E00A20229 /* MASShortcutView.m in Sources */ = {isa = PBXBuildFile; fileRef = 5C75EABD1A36069E00A20229 /* MASShortcutView.m */; };
		5C75EAC41A36069E00A20229 /* MASShortcutView+UserDefaults.m in Sources */ = {isa = PBXBuildFile; fileRef = 5C75EABF1A36069E00A20229 /* MASShortcutView+UserDefaults.m */; };
		5C75EAC71A360C4A00A20229 /* HotKeyConstants.m in Sources */ = {isa = PBXBuildFile; fileRef = 5C75EAC61A360C4A00A20229 /* HotKeyConstants.m */; };
		5C881EFB19F462B400E20425 /* NSString_stripHtml.m in Sources */ = {isa = PBXBuildFile; fileRef = 5C881EFA19F462B400E20425 /* NSString_stripHtml.m */; };
		5C97491D19F3117D000EC02E /* SoftwareUpdateView.xib in Resources */ = {isa = PBXBuildFile; fileRef = 5C97491C19F3117D000EC02E /* SoftwareUpdateView.xib */; };
		5CA24F711A256EF0003DDDEA /* EasyNSURLConnection.m in Sources */ = {isa = PBXBuildFile; fileRef = 5CA24F701A256EEF003DDDEA /* EasyNSURLConnection.m */; };
		5CAFB2581A389E210067DD4F /* rules.png in Resources */ = {isa = PBXBuildFile; fileRef = 5CAFB2571A389E210067DD4F /* rules.png */; };
		5CBE9EC319F2F0E300CA3E5D /* LoginPref.m in Sources */ = {isa = PBXBuildFile; fileRef = 5CBE9EC219F2F0E300CA3E5D /* LoginPref.m */; };
		5CBE9FEC19F2F9CA00CA3E5D /* LoginView.xib in Resources */ = {isa = PBXBuildFile; fileRef = 5CBE9FEB19F2F9CA00CA3E5D /* LoginView.xib */; };
		5CBE9FEF19F2F9E500CA3E5D /* GeneralPreferenceView.xib in Resources */ = {isa = PBXBuildFile; fileRef = 5CBE9FEE19F2F9E500CA3E5D /* GeneralPreferenceView.xib */; };
		5CC744D51A474B0600F65E88 /* HotkeysPrefs.m in Sources */ = {isa = PBXBuildFile; fileRef = 5CC744D31A474B0600F65E88 /* HotkeysPrefs.m */; };
		5CC744D61A474B0600F65E88 /* HotkeysPrefs.xib in Resources */ = {isa = PBXBuildFile; fileRef = 5CC744D41A474B0600F65E88 /* HotkeysPrefs.xib */; };
		5CC744D81A474BAC00F65E88 /* hotkey.png in Resources */ = {isa = PBXBuildFile; fileRef = 5CC744D71A474BAC00F65E88 /* hotkey.png */; };
		5CD36B9A19F2EA9B007BB6B6 /* MASPreferencesWindowController.m in Sources */ = {isa = PBXBuildFile; fileRef = 5CD36B9819F2EA9B007BB6B6 /* MASPreferencesWindowController.m */; settings = {COMPILER_FLAGS = "-fno-objc-arc"; }; };
		5CD36BBA19F2ED88007BB6B6 /* GeneralPrefController.m in Sources */ = {isa = PBXBuildFile; fileRef = 5CD36BB919F2ED88007BB6B6 /* GeneralPrefController.m */; settings = {COMPILER_FLAGS = "-fno-objc-arc"; }; };
		5CD7FF411A449A140050E6CC /* Hachidori_Tests.m in Sources */ = {isa = PBXBuildFile; fileRef = 5CD7FF401A449A140050E6CC /* Hachidori_Tests.m */; };
		8227C1141A1D89FB005F3301 /* anitomy-osx.framework in Frameworks */ = {isa = PBXBuildFile; fileRef = 8227C1131A1D89FB005F3301 /* anitomy-osx.framework */; };
		8227C1151A1D8A0B005F3301 /* anitomy-osx.framework in CopyFiles */ = {isa = PBXBuildFile; fileRef = 8227C1131A1D89FB005F3301 /* anitomy-osx.framework */; settings = {ATTRIBUTES = (RemoveHeadersOnCopy, ); }; };
		824693A719FD35AE00CFA12A /* Carbon.framework in Frameworks */ = {isa = PBXBuildFile; fileRef = 824693A619FD35AE00CFA12A /* Carbon.framework */; };
		8249249F1A184C4200A01761 /* FixSearchDialog.xib in Resources */ = {isa = PBXBuildFile; fileRef = 824924A11A184C4200A01761 /* FixSearchDialog.xib */; };
		825D87911A18FD2700C5E1BF /* ExceptionsPref.m in Sources */ = {isa = PBXBuildFile; fileRef = 825D878F1A18FD2700C5E1BF /* ExceptionsPref.m */; };
		825D87931A1912EF00C5E1BF /* ExceptionsPref.xib in Resources */ = {isa = PBXBuildFile; fileRef = 825D87951A1912EF00C5E1BF /* ExceptionsPref.xib */; };
		8294C45E19F99B2F009DE98B /* Images.xcassets in Resources */ = {isa = PBXBuildFile; fileRef = 8294C45D19F99B2F009DE98B /* Images.xcassets */; };
		82DA950A1A1E6CE800522724 /* Sparkle.framework in Frameworks */ = {isa = PBXBuildFile; fileRef = 82DA95091A1E6CE800522724 /* Sparkle.framework */; };
		82DA950B1A1E6CF500522724 /* Sparkle.framework in CopyFiles */ = {isa = PBXBuildFile; fileRef = 82DA95091A1E6CE800522724 /* Sparkle.framework */; settings = {ATTRIBUTES = (CodeSignOnCopy, RemoveHeadersOnCopy, ); }; };
		82EBBD1D1A17FD5B009F6179 /* FixSearchDialog.m in Sources */ = {isa = PBXBuildFile; fileRef = 82EBBD1B1A17FD5B009F6179 /* FixSearchDialog.m */; };
		82F065B019FB613800E0B17A /* hachidori-status.png in Resources */ = {isa = PBXBuildFile; fileRef = 82F065AE19FB613800E0B17A /* hachidori-status.png */; };
		82F065B319FB618E00E0B17A /* detectstream in Resources */ = {isa = PBXBuildFile; fileRef = 82F065B219FB618E00E0B17A /* detectstream */; };
		82F3E7F61A47A877001DC9A1 /* CoreServices.framework in Frameworks */ = {isa = PBXBuildFile; fileRef = 3A4C61C8120DF37D0032F63A /* CoreServices.framework */; };
		82F7A9A81A195A8300183EF7 /* Recognition.m in Sources */ = {isa = PBXBuildFile; fileRef = 82F7A9A71A195A8300183EF7 /* Recognition.m */; };
		8D11072B0486CEB800E47090 /* InfoPlist.strings in Resources */ = {isa = PBXBuildFile; fileRef = 089C165CFE840E0CC02AAC07 /* InfoPlist.strings */; };
		8D11072D0486CEB800E47090 /* main.m in Sources */ = {isa = PBXBuildFile; fileRef = 29B97316FDCFA39411CA2CEA /* main.m */; settings = {ATTRIBUTES = (); }; };
		8D11072F0486CEB800E47090 /* Cocoa.framework in Frameworks */ = {isa = PBXBuildFile; fileRef = 1058C7A1FEA54F0111CA2CBB /* Cocoa.framework */; };
/* End PBXBuildFile section */

/* Begin PBXContainerItemProxy section */
		5CD7FF421A449A140050E6CC /* PBXContainerItemProxy */ = {
			isa = PBXContainerItemProxy;
			containerPortal = 29B97313FDCFA39411CA2CEA /* Project object */;
			proxyType = 1;
			remoteGlobalIDString = 8D1107260486CEB800E47090;
			remoteInfo = Hachidori;
		};
/* End PBXContainerItemProxy section */

/* Begin PBXCopyFilesBuildPhase section */
		3A4C6253120DF5580032F63A /* CopyFiles */ = {
			isa = PBXCopyFilesBuildPhase;
			buildActionMask = 2147483647;
			dstPath = "";
			dstSubfolderSpec = 10;
			files = (
				82DA950B1A1E6CF500522724 /* Sparkle.framework in CopyFiles */,
				8227C1151A1D8A0B005F3301 /* anitomy-osx.framework in CopyFiles */,
				3A4C61D4120DF3ED0032F63A /* OgreKit.framework in CopyFiles */,
			);
			runOnlyForDeploymentPostprocessing = 0;
		};
/* End PBXCopyFilesBuildPhase section */

/* Begin PBXFileReference section */
		089C165DFE840E0CC02AAC07 /* English */ = {isa = PBXFileReference; fileEncoding = 4; lastKnownFileType = text.plist.strings; name = English; path = English.lproj/InfoPlist.strings; sourceTree = "<group>"; };
		1058C7A1FEA54F0111CA2CBB /* Cocoa.framework */ = {isa = PBXFileReference; lastKnownFileType = wrapper.framework; name = Cocoa.framework; path = /System/Library/Frameworks/Cocoa.framework; sourceTree = "<absolute>"; };
		13E42FB307B3F0F600E4EEF1 /* CoreData.framework */ = {isa = PBXFileReference; lastKnownFileType = wrapper.framework; name = CoreData.framework; path = /System/Library/Frameworks/CoreData.framework; sourceTree = "<absolute>"; };
		256AC3D80F4B6AC300CF3369 /* AppDelegate.h */ = {isa = PBXFileReference; fileEncoding = 4; lastKnownFileType = sourcecode.c.h; lineEnding = 0; path = AppDelegate.h; sourceTree = "<group>"; xcLanguageSpecificationIdentifier = xcode.lang.objcpp; };
		256AC3D90F4B6AC300CF3369 /* AppDelegate.m */ = {isa = PBXFileReference; fileEncoding = 4; lastKnownFileType = sourcecode.c.objc; lineEnding = 0; path = AppDelegate.m; sourceTree = "<group>"; xcLanguageSpecificationIdentifier = xcode.lang.objc; };
		256AC3F00F4B6AF500CF3369 /* MAL_Updater_OS_X_Prefix.pch */ = {isa = PBXFileReference; fileEncoding = 4; lastKnownFileType = sourcecode.c.h; lineEnding = 0; path = MAL_Updater_OS_X_Prefix.pch; sourceTree = "<group>"; xcLanguageSpecificationIdentifier = xcode.lang.objc; };
		29B97316FDCFA39411CA2CEA /* main.m */ = {isa = PBXFileReference; fileEncoding = 4; lastKnownFileType = sourcecode.c.objc; lineEnding = 0; path = main.m; sourceTree = "<group>"; xcLanguageSpecificationIdentifier = xcode.lang.objc; };
		29B97324FDCFA39411CA2CEA /* AppKit.framework */ = {isa = PBXFileReference; lastKnownFileType = wrapper.framework; name = AppKit.framework; path = /System/Library/Frameworks/AppKit.framework; sourceTree = "<absolute>"; };
		29B97325FDCFA39411CA2CEA /* Foundation.framework */ = {isa = PBXFileReference; lastKnownFileType = wrapper.framework; name = Foundation.framework; path = /System/Library/Frameworks/Foundation.framework; sourceTree = "<absolute>"; };
		3A20383112122B2B003813B2 /* dsa_pub.pem */ = {isa = PBXFileReference; fileEncoding = 4; lastKnownFileType = text; path = dsa_pub.pem; sourceTree = "<group>"; };
		3A2DCCB41210B3BF00C920F1 /* PFMoveApplication.h */ = {isa = PBXFileReference; fileEncoding = 4; lastKnownFileType = sourcecode.c.h; path = PFMoveApplication.h; sourceTree = "<group>"; };
		3A2DCCB51210B3BF00C920F1 /* PFMoveApplication.m */ = {isa = PBXFileReference; fileEncoding = 4; lastKnownFileType = sourcecode.c.objc; path = PFMoveApplication.m; sourceTree = "<group>"; };
		3A2DCCBD1210B3D900C920F1 /* Security.framework */ = {isa = PBXFileReference; lastKnownFileType = wrapper.framework; name = Security.framework; path = System/Library/Frameworks/Security.framework; sourceTree = SDKROOT; };
		3A4C61C4120DF36E0032F63A /* SystemConfiguration.framework */ = {isa = PBXFileReference; lastKnownFileType = wrapper.framework; name = SystemConfiguration.framework; path = System/Library/Frameworks/SystemConfiguration.framework; sourceTree = SDKROOT; };
		3A4C61C8120DF37D0032F63A /* CoreServices.framework */ = {isa = PBXFileReference; lastKnownFileType = wrapper.framework; name = CoreServices.framework; path = System/Library/Frameworks/CoreServices.framework; sourceTree = SDKROOT; };
		3A4C61D3120DF3ED0032F63A /* OgreKit.framework */ = {isa = PBXFileReference; lastKnownFileType = wrapper.framework; name = OgreKit.framework; path = Frameworks/OgreKit.framework; sourceTree = "<group>"; };
		3AFEF127120DF8CE0098B59D /* Hachidori.h */ = {isa = PBXFileReference; fileEncoding = 4; lastKnownFileType = sourcecode.c.h; path = Hachidori.h; sourceTree = "<group>"; };
		3AFEF128120DF8CE0098B59D /* Hachidori.m */ = {isa = PBXFileReference; fileEncoding = 4; lastKnownFileType = sourcecode.c.objc; lineEnding = 0; path = Hachidori.m; sourceTree = "<group>"; xcLanguageSpecificationIdentifier = xcode.lang.objc; };
		5C000E4219F30EA50026F350 /* SoftwareUpdatesPref.h */ = {isa = PBXFileReference; fileEncoding = 4; lastKnownFileType = sourcecode.c.h; path = SoftwareUpdatesPref.h; sourceTree = "<group>"; };
		5C000E4319F30EA50026F350 /* SoftwareUpdatesPref.m */ = {isa = PBXFileReference; fileEncoding = 4; lastKnownFileType = sourcecode.c.objc; path = SoftwareUpdatesPref.m; sourceTree = "<group>"; };
		5C0A2C4A122C7F960096908D /* Credits.rtf */ = {isa = PBXFileReference; lastKnownFileType = text.rtf; path = Credits.rtf; sourceTree = "<group>"; };
		5C14563712D52AB900C7031C /* libxml2.dylib */ = {isa = PBXFileReference; lastKnownFileType = "compiled.mach-o.dylib"; name = libxml2.dylib; path = usr/lib/libxml2.dylib; sourceTree = SDKROOT; };
		5C2B9DC31221E9E5006DEF0D /* MAL_Updater_OS_X_DataModel.xcdatamodel */ = {isa = PBXFileReference; fileEncoding = 4; lastKnownFileType = wrapper.xcdatamodel; path = MAL_Updater_OS_X_DataModel.xcdatamodel; sourceTree = "<group>"; };
		5C2B9DFB1221EB25006DEF0D /* CoreData.framework */ = {isa = PBXFileReference; lastKnownFileType = wrapper.framework; name = CoreData.framework; path = System/Library/Frameworks/CoreData.framework; sourceTree = SDKROOT; };
		5C2D505F1329810000B31C08 /* libxml2.dylib */ = {isa = PBXFileReference; lastKnownFileType = "compiled.mach-o.dylib"; name = libxml2.dylib; path = usr/lib/libxml2.dylib; sourceTree = SDKROOT; };
		5C2D50611329810700B31C08 /* libxml2.2.dylib */ = {isa = PBXFileReference; lastKnownFileType = "compiled.mach-o.dylib"; name = libxml2.2.dylib; path = usr/lib/libxml2.2.dylib; sourceTree = SDKROOT; };
		5C2E54171A45046B006858B3 /* testdata.json */ = {isa = PBXFileReference; fileEncoding = 4; lastKnownFileType = text.json; path = testdata.json; sourceTree = "<group>"; };
		5C30BC06139A9DD1000B83C5 /* PreferencesSoftwareUpdateIcon.tiff */ = {isa = PBXFileReference; lastKnownFileType = image.tiff; path = PreferencesSoftwareUpdateIcon.tiff; sourceTree = "<group>"; };
		5C54FFF71A369A4D00020C87 /* Base */ = {isa = PBXFileReference; lastKnownFileType = file.xib; name = Base; path = Base.lproj/MASPreferencesWindow.xib; sourceTree = "<group>"; };
		5C75EAB61A36069E00A20229 /* MASShortcut.h */ = {isa = PBXFileReference; fileEncoding = 4; lastKnownFileType = sourcecode.c.h; path = MASShortcut.h; sourceTree = "<group>"; };
		5C75EAB71A36069E00A20229 /* MASShortcut.m */ = {isa = PBXFileReference; fileEncoding = 4; lastKnownFileType = sourcecode.c.objc; path = MASShortcut.m; sourceTree = "<group>"; };
		5C75EAB81A36069E00A20229 /* MASShortcut+Monitoring.h */ = {isa = PBXFileReference; fileEncoding = 4; lastKnownFileType = sourcecode.c.h; path = "MASShortcut+Monitoring.h"; sourceTree = "<group>"; };
		5C75EAB91A36069E00A20229 /* MASShortcut+Monitoring.m */ = {isa = PBXFileReference; fileEncoding = 4; lastKnownFileType = sourcecode.c.objc; path = "MASShortcut+Monitoring.m"; sourceTree = "<group>"; };
		5C75EABA1A36069E00A20229 /* MASShortcut+UserDefaults.h */ = {isa = PBXFileReference; fileEncoding = 4; lastKnownFileType = sourcecode.c.h; path = "MASShortcut+UserDefaults.h"; sourceTree = "<group>"; };
		5C75EABB1A36069E00A20229 /* MASShortcut+UserDefaults.m */ = {isa = PBXFileReference; fileEncoding = 4; lastKnownFileType = sourcecode.c.objc; path = "MASShortcut+UserDefaults.m"; sourceTree = "<group>"; };
		5C75EABC1A36069E00A20229 /* MASShortcutView.h */ = {isa = PBXFileReference; fileEncoding = 4; lastKnownFileType = sourcecode.c.h; path = MASShortcutView.h; sourceTree = "<group>"; };
		5C75EABD1A36069E00A20229 /* MASShortcutView.m */ = {isa = PBXFileReference; fileEncoding = 4; lastKnownFileType = sourcecode.c.objc; path = MASShortcutView.m; sourceTree = "<group>"; };
		5C75EABE1A36069E00A20229 /* MASShortcutView+UserDefaults.h */ = {isa = PBXFileReference; fileEncoding = 4; lastKnownFileType = sourcecode.c.h; path = "MASShortcutView+UserDefaults.h"; sourceTree = "<group>"; };
		5C75EABF1A36069E00A20229 /* MASShortcutView+UserDefaults.m */ = {isa = PBXFileReference; fileEncoding = 4; lastKnownFileType = sourcecode.c.objc; path = "MASShortcutView+UserDefaults.m"; sourceTree = "<group>"; };
		5C75EAC51A360C4A00A20229 /* HotKeyConstants.h */ = {isa = PBXFileReference; fileEncoding = 4; lastKnownFileType = sourcecode.c.h; path = HotKeyConstants.h; sourceTree = "<group>"; };
		5C75EAC61A360C4A00A20229 /* HotKeyConstants.m */ = {isa = PBXFileReference; fileEncoding = 4; lastKnownFileType = sourcecode.c.objc; path = HotKeyConstants.m; sourceTree = "<group>"; };
		5C881EF919F462B400E20425 /* NSString_stripHtml.h */ = {isa = PBXFileReference; fileEncoding = 4; lastKnownFileType = sourcecode.c.h; path = NSString_stripHtml.h; sourceTree = "<group>"; };
		5C881EFA19F462B400E20425 /* NSString_stripHtml.m */ = {isa = PBXFileReference; fileEncoding = 4; lastKnownFileType = sourcecode.c.objc; path = NSString_stripHtml.m; sourceTree = "<group>"; };
		5CA24F6F1A256EEF003DDDEA /* EasyNSURLConnection.h */ = {isa = PBXFileReference; fileEncoding = 4; lastKnownFileType = sourcecode.c.h; path = EasyNSURLConnection.h; sourceTree = "<group>"; };
		5CA24F701A256EEF003DDDEA /* EasyNSURLConnection.m */ = {isa = PBXFileReference; fileEncoding = 4; lastKnownFileType = sourcecode.c.objc; path = EasyNSURLConnection.m; sourceTree = "<group>"; };
		5CAFB2571A389E210067DD4F /* rules.png */ = {isa = PBXFileReference; lastKnownFileType = image.png; path = rules.png; sourceTree = "<group>"; };
		5CBE9EC119F2F0E300CA3E5D /* LoginPref.h */ = {isa = PBXFileReference; fileEncoding = 4; lastKnownFileType = sourcecode.c.h; lineEnding = 0; path = LoginPref.h; sourceTree = "<group>"; xcLanguageSpecificationIdentifier = xcode.lang.objcpp; };
		5CBE9EC219F2F0E300CA3E5D /* LoginPref.m */ = {isa = PBXFileReference; fileEncoding = 4; lastKnownFileType = sourcecode.c.objc; lineEnding = 0; path = LoginPref.m; sourceTree = "<group>"; xcLanguageSpecificationIdentifier = xcode.lang.objc; };
		5CC744D21A474B0600F65E88 /* HotkeysPrefs.h */ = {isa = PBXFileReference; fileEncoding = 4; lastKnownFileType = sourcecode.c.h; path = HotkeysPrefs.h; sourceTree = "<group>"; };
		5CC744D31A474B0600F65E88 /* HotkeysPrefs.m */ = {isa = PBXFileReference; fileEncoding = 4; lastKnownFileType = sourcecode.c.objc; path = HotkeysPrefs.m; sourceTree = "<group>"; };
		5CC744D41A474B0600F65E88 /* HotkeysPrefs.xib */ = {isa = PBXFileReference; fileEncoding = 4; lastKnownFileType = file.xib; path = HotkeysPrefs.xib; sourceTree = "<group>"; };
		5CC744D71A474BAC00F65E88 /* hotkey.png */ = {isa = PBXFileReference; lastKnownFileType = image.png; path = hotkey.png; sourceTree = "<group>"; };
		5CD36B9519F2EA9B007BB6B6 /* MASPreferencesViewController.h */ = {isa = PBXFileReference; fileEncoding = 4; lastKnownFileType = sourcecode.c.h; path = MASPreferencesViewController.h; sourceTree = "<group>"; };
		5CD36B9719F2EA9B007BB6B6 /* MASPreferencesWindowController.h */ = {isa = PBXFileReference; fileEncoding = 4; lastKnownFileType = sourcecode.c.h; path = MASPreferencesWindowController.h; sourceTree = "<group>"; };
		5CD36B9819F2EA9B007BB6B6 /* MASPreferencesWindowController.m */ = {isa = PBXFileReference; fileEncoding = 4; lastKnownFileType = sourcecode.c.objc; path = MASPreferencesWindowController.m; sourceTree = "<group>"; };
		5CD36BB819F2ED88007BB6B6 /* GeneralPrefController.h */ = {isa = PBXFileReference; fileEncoding = 4; lastKnownFileType = sourcecode.c.h; lineEnding = 0; path = GeneralPrefController.h; sourceTree = "<group>"; xcLanguageSpecificationIdentifier = xcode.lang.objcpp; };
		5CD36BB919F2ED88007BB6B6 /* GeneralPrefController.m */ = {isa = PBXFileReference; fileEncoding = 4; lastKnownFileType = sourcecode.c.objc; lineEnding = 0; path = GeneralPrefController.m; sourceTree = "<group>"; xcLanguageSpecificationIdentifier = xcode.lang.objc; };
		5CD7FF3C1A449A140050E6CC /* Hachidori Tests.xctest */ = {isa = PBXFileReference; explicitFileType = wrapper.cfbundle; includeInIndex = 0; path = "Hachidori Tests.xctest"; sourceTree = BUILT_PRODUCTS_DIR; };
		5CD7FF3F1A449A140050E6CC /* Info.plist */ = {isa = PBXFileReference; lastKnownFileType = text.plist.xml; path = Info.plist; sourceTree = "<group>"; };
		5CD7FF401A449A140050E6CC /* Hachidori_Tests.m */ = {isa = PBXFileReference; lastKnownFileType = sourcecode.c.objc; path = Hachidori_Tests.m; sourceTree = "<group>"; };
		5CFC037419F3396E006B4DAD /* libz.dylib */ = {isa = PBXFileReference; lastKnownFileType = "compiled.mach-o.dylib"; name = libz.dylib; path = usr/lib/libz.dylib; sourceTree = SDKROOT; };
		8227C1131A1D89FB005F3301 /* anitomy-osx.framework */ = {isa = PBXFileReference; lastKnownFileType = wrapper.framework; name = "anitomy-osx.framework"; path = "Frameworks/anitomy-osx.framework"; sourceTree = "<group>"; };
		824693A619FD35AE00CFA12A /* Carbon.framework */ = {isa = PBXFileReference; lastKnownFileType = wrapper.framework; name = Carbon.framework; path = System/Library/Frameworks/Carbon.framework; sourceTree = SDKROOT; };
		824924A01A184C4200A01761 /* Base */ = {isa = PBXFileReference; lastKnownFileType = file.xib; name = Base; path = Base.lproj/FixSearchDialog.xib; sourceTree = "<group>"; };
		825D878E1A18FD2600C5E1BF /* ExceptionsPref.h */ = {isa = PBXFileReference; fileEncoding = 4; lastKnownFileType = sourcecode.c.h; path = ExceptionsPref.h; sourceTree = "<group>"; };
		825D878F1A18FD2700C5E1BF /* ExceptionsPref.m */ = {isa = PBXFileReference; fileEncoding = 4; lastKnownFileType = sourcecode.c.objc; path = ExceptionsPref.m; sourceTree = "<group>"; };
		825D87941A1912EF00C5E1BF /* Base */ = {isa = PBXFileReference; lastKnownFileType = file.xib; name = Base; path = Base.lproj/ExceptionsPref.xib; sourceTree = "<group>"; };
		8294C45D19F99B2F009DE98B /* Images.xcassets */ = {isa = PBXFileReference; lastKnownFileType = folder.assetcatalog; name = Images.xcassets; path = "MAL Updater OS X/Images.xcassets"; sourceTree = "<group>"; };
		829FB41D19F739700026EAC2 /* Base */ = {isa = PBXFileReference; lastKnownFileType = file.xib; name = Base; path = Base.lproj/MainMenu.xib; sourceTree = "<group>"; };
		829FB41E19F739700026EAC2 /* Base */ = {isa = PBXFileReference; lastKnownFileType = file.xib; name = Base; path = Base.lproj/GeneralPreferenceView.xib; sourceTree = "<group>"; };
		829FB41F19F739700026EAC2 /* Base */ = {isa = PBXFileReference; lastKnownFileType = file.xib; name = Base; path = Base.lproj/LoginView.xib; sourceTree = "<group>"; };
		829FB42019F739700026EAC2 /* Base */ = {isa = PBXFileReference; lastKnownFileType = file.xib; name = Base; path = Base.lproj/SoftwareUpdateView.xib; sourceTree = "<group>"; };
		82DA95091A1E6CE800522724 /* Sparkle.framework */ = {isa = PBXFileReference; lastKnownFileType = wrapper.framework; name = Sparkle.framework; path = Frameworks/Sparkle.framework; sourceTree = "<group>"; };
		82EBBD1A1A17FD5B009F6179 /* FixSearchDialog.h */ = {isa = PBXFileReference; fileEncoding = 4; lastKnownFileType = sourcecode.c.h; path = FixSearchDialog.h; sourceTree = "<group>"; };
		82EBBD1B1A17FD5B009F6179 /* FixSearchDialog.m */ = {isa = PBXFileReference; fileEncoding = 4; lastKnownFileType = sourcecode.c.objc; path = FixSearchDialog.m; sourceTree = "<group>"; };
		82F065AE19FB613800E0B17A /* hachidori-status.png */ = {isa = PBXFileReference; lastKnownFileType = image.png; path = "hachidori-status.png"; sourceTree = "<group>"; };
		82F065B219FB618E00E0B17A /* detectstream */ = {isa = PBXFileReference; lastKnownFileType = "compiled.mach-o.executable"; name = detectstream; path = detectstream/detectstream; sourceTree = "<group>"; };
		82F7A9A61A195A8300183EF7 /* Recognition.h */ = {isa = PBXFileReference; fileEncoding = 4; lastKnownFileType = sourcecode.c.h; path = Recognition.h; sourceTree = "<group>"; };
		82F7A9A71A195A8300183EF7 /* Recognition.m */ = {isa = PBXFileReference; fileEncoding = 4; lastKnownFileType = sourcecode.c.objc; path = Recognition.m; sourceTree = "<group>"; };
		8D1107310486CEB800E47090 /* Hachidori-Info.plist */ = {isa = PBXFileReference; fileEncoding = 4; lastKnownFileType = text.plist.xml; path = "Hachidori-Info.plist"; sourceTree = "<group>"; };
		8D1107320486CEB800E47090 /* Hachidori.app */ = {isa = PBXFileReference; explicitFileType = wrapper.application; includeInIndex = 0; path = Hachidori.app; sourceTree = BUILT_PRODUCTS_DIR; };
/* End PBXFileReference section */

/* Begin PBXFrameworksBuildPhase section */
		5CD7FF391A449A140050E6CC /* Frameworks */ = {
			isa = PBXFrameworksBuildPhase;
			buildActionMask = 2147483647;
			files = (
			);
			runOnlyForDeploymentPostprocessing = 0;
		};
		8D11072E0486CEB800E47090 /* Frameworks */ = {
			isa = PBXFrameworksBuildPhase;
			buildActionMask = 2147483647;
			files = (
				82F3E7F61A47A877001DC9A1 /* CoreServices.framework in Frameworks */,
				824693A719FD35AE00CFA12A /* Carbon.framework in Frameworks */,
				8227C1141A1D89FB005F3301 /* anitomy-osx.framework in Frameworks */,
				5C2D50621329810700B31C08 /* libxml2.2.dylib in Frameworks */,
				5C2D50601329810000B31C08 /* libxml2.dylib in Frameworks */,
				3A6AB587120F402A00D51D2C /* OgreKit.framework in Frameworks */,
				8D11072F0486CEB800E47090 /* Cocoa.framework in Frameworks */,
				82DA950A1A1E6CE800522724 /* Sparkle.framework in Frameworks */,
				3A2DCCBE1210B3D900C920F1 /* Security.framework in Frameworks */,
				5C2B9DFC1221EB25006DEF0D /* CoreData.framework in Frameworks */,
			);
			runOnlyForDeploymentPostprocessing = 0;
		};
/* End PBXFrameworksBuildPhase section */

/* Begin PBXGroup section */
		080E96DDFE201D6D7F000001 /* Classes */ = {
			isa = PBXGroup;
			children = (
				82EBBD191A17FD45009F6179 /* Correction/Exception */,
				5C8ACEB619F409C60001A101 /* Other Classes */,
				5CD36B9419F2EA91007BB6B6 /* Preferences */,
				256AC3D80F4B6AC300CF3369 /* AppDelegate.h */,
				256AC3D90F4B6AC300CF3369 /* AppDelegate.m */,
				3AFEF127120DF8CE0098B59D /* Hachidori.h */,
				3AFEF128120DF8CE0098B59D /* Hachidori.m */,
				82F7A9A61A195A8300183EF7 /* Recognition.h */,
				82F7A9A71A195A8300183EF7 /* Recognition.m */,
			);
			name = Classes;
			sourceTree = "<group>";
		};
		1058C7A0FEA54F0111CA2CBB /* Linked Frameworks */ = {
			isa = PBXGroup;
			children = (
				824693A619FD35AE00CFA12A /* Carbon.framework */,
				29B97325FDCFA39411CA2CEA /* Foundation.framework */,
				13E42FB307B3F0F600E4EEF1 /* CoreData.framework */,
				5C2B9DFB1221EB25006DEF0D /* CoreData.framework */,
				3A2DCCBD1210B3D900C920F1 /* Security.framework */,
				29B97324FDCFA39411CA2CEA /* AppKit.framework */,
				3A4C61C8120DF37D0032F63A /* CoreServices.framework */,
				3A4C61C4120DF36E0032F63A /* SystemConfiguration.framework */,
				1058C7A1FEA54F0111CA2CBB /* Cocoa.framework */,
			);
			name = "Linked Frameworks";
			sourceTree = "<group>";
		};
		1058C7A2FEA54F0111CA2CBB /* Other Frameworks */ = {
			isa = PBXGroup;
			children = (
				82DA95091A1E6CE800522724 /* Sparkle.framework */,
				8227C1131A1D89FB005F3301 /* anitomy-osx.framework */,
				3A4C61D3120DF3ED0032F63A /* OgreKit.framework */,
			);
			name = "Other Frameworks";
			sourceTree = "<group>";
		};
		19C28FACFE9D520D11CA2CBB /* Products */ = {
			isa = PBXGroup;
			children = (
				8D1107320486CEB800E47090 /* Hachidori.app */,
				5CD7FF3C1A449A140050E6CC /* Hachidori Tests.xctest */,
			);
			name = Products;
			sourceTree = "<group>";
		};
		29B97314FDCFA39411CA2CEA /* MAL Updater OS X */ = {
			isa = PBXGroup;
			children = (
				080E96DDFE201D6D7F000001 /* Classes */,
				29B97315FDCFA39411CA2CEA /* Other Sources */,
				29B97317FDCFA39411CA2CEA /* Resources */,
				5CD7FF3D1A449A140050E6CC /* Hachidori Tests */,
				29B97323FDCFA39411CA2CEA /* Frameworks */,
				19C28FACFE9D520D11CA2CBB /* Products */,
			);
			name = "MAL Updater OS X";
			sourceTree = "<group>";
		};
		29B97315FDCFA39411CA2CEA /* Other Sources */ = {
			isa = PBXGroup;
			children = (
				5C2B9DC31221E9E5006DEF0D /* MAL_Updater_OS_X_DataModel.xcdatamodel */,
				256AC3F00F4B6AF500CF3369 /* MAL_Updater_OS_X_Prefix.pch */,
				29B97316FDCFA39411CA2CEA /* main.m */,
			);
			name = "Other Sources";
			sourceTree = "<group>";
		};
		29B97317FDCFA39411CA2CEA /* Resources */ = {
			isa = PBXGroup;
			children = (
				82F065B119FB618300E0B17A /* DetectStream */,
				8294C45D19F99B2F009DE98B /* Images.xcassets */,
				5C8ACEB919F409F90001A101 /* Images */,
				5C0A2C4A122C7F960096908D /* Credits.rtf */,
				3A20383112122B2B003813B2 /* dsa_pub.pem */,
				8D1107310486CEB800E47090 /* Hachidori-Info.plist */,
				089C165CFE840E0CC02AAC07 /* InfoPlist.strings */,
				1DDD58140DA1D0A300B32029 /* MainMenu.xib */,
				825D87951A1912EF00C5E1BF /* ExceptionsPref.xib */,
				5CC744D41A474B0600F65E88 /* HotkeysPrefs.xib */,
				5CBE9FEE19F2F9E500CA3E5D /* GeneralPreferenceView.xib */,
				5CBE9FEB19F2F9CA00CA3E5D /* LoginView.xib */,
				5C97491C19F3117D000EC02E /* SoftwareUpdateView.xib */,
			);
			name = Resources;
			sourceTree = "<group>";
		};
		29B97323FDCFA39411CA2CEA /* Frameworks */ = {
			isa = PBXGroup;
			children = (
				5CFC037419F3396E006B4DAD /* libz.dylib */,
				5C2D50611329810700B31C08 /* libxml2.2.dylib */,
				5C2D505F1329810000B31C08 /* libxml2.dylib */,
				5C14563712D52AB900C7031C /* libxml2.dylib */,
				1058C7A0FEA54F0111CA2CBB /* Linked Frameworks */,
				1058C7A2FEA54F0111CA2CBB /* Other Frameworks */,
			);
			name = Frameworks;
			sourceTree = "<group>";
		};
		5C75EAB51A36069100A20229 /* Hotkey */ = {
			isa = PBXGroup;
			children = (
				5C75EAB61A36069E00A20229 /* MASShortcut.h */,
				5C75EAB71A36069E00A20229 /* MASShortcut.m */,
				5C75EAB81A36069E00A20229 /* MASShortcut+Monitoring.h */,
				5C75EAB91A36069E00A20229 /* MASShortcut+Monitoring.m */,
				5C75EABA1A36069E00A20229 /* MASShortcut+UserDefaults.h */,
				5C75EABB1A36069E00A20229 /* MASShortcut+UserDefaults.m */,
				5C75EABC1A36069E00A20229 /* MASShortcutView.h */,
				5C75EABD1A36069E00A20229 /* MASShortcutView.m */,
				5C75EABE1A36069E00A20229 /* MASShortcutView+UserDefaults.h */,
				5C75EABF1A36069E00A20229 /* MASShortcutView+UserDefaults.m */,
			);
			name = Hotkey;
			sourceTree = "<group>";
		};
		5C8ACEB619F409C60001A101 /* Other Classes */ = {
			isa = PBXGroup;
			children = (
				5C75EAB51A36069100A20229 /* Hotkey */,
				3A2DCCB41210B3BF00C920F1 /* PFMoveApplication.h */,
				3A2DCCB51210B3BF00C920F1 /* PFMoveApplication.m */,
				5C881EF919F462B400E20425 /* NSString_stripHtml.h */,
				5C881EFA19F462B400E20425 /* NSString_stripHtml.m */,
				5CA24F6F1A256EEF003DDDEA /* EasyNSURLConnection.h */,
				5CA24F701A256EEF003DDDEA /* EasyNSURLConnection.m */,
				5C75EAC51A360C4A00A20229 /* HotKeyConstants.h */,
				5C75EAC61A360C4A00A20229 /* HotKeyConstants.m */,
			);
			name = "Other Classes";
			sourceTree = "<group>";
		};
		5C8ACEB919F409F90001A101 /* Images */ = {
			isa = PBXGroup;
			children = (
				5CC744D71A474BAC00F65E88 /* hotkey.png */,
				82F065AE19FB613800E0B17A /* hachidori-status.png */,
				5C30BC06139A9DD1000B83C5 /* PreferencesSoftwareUpdateIcon.tiff */,
				5CAFB2571A389E210067DD4F /* rules.png */,
			);
			name = Images;
			sourceTree = "<group>";
		};
		5CD36B9419F2EA91007BB6B6 /* Preferences */ = {
			isa = PBXGroup;
			children = (
				5CC744D21A474B0600F65E88 /* HotkeysPrefs.h */,
				5CC744D31A474B0600F65E88 /* HotkeysPrefs.m */,
				825D878E1A18FD2600C5E1BF /* ExceptionsPref.h */,
				825D878F1A18FD2700C5E1BF /* ExceptionsPref.m */,
				5CD36BB819F2ED88007BB6B6 /* GeneralPrefController.h */,
				5CD36BB919F2ED88007BB6B6 /* GeneralPrefController.m */,
				5C000E4219F30EA50026F350 /* SoftwareUpdatesPref.h */,
				5C000E4319F30EA50026F350 /* SoftwareUpdatesPref.m */,
				5CBE9EC119F2F0E300CA3E5D /* LoginPref.h */,
				5CBE9EC219F2F0E300CA3E5D /* LoginPref.m */,
				5CD36B9519F2EA9B007BB6B6 /* MASPreferencesViewController.h */,
				5C54FFF81A369A4D00020C87 /* MASPreferencesWindow.xib */,
				5CD36B9719F2EA9B007BB6B6 /* MASPreferencesWindowController.h */,
				5CD36B9819F2EA9B007BB6B6 /* MASPreferencesWindowController.m */,
			);
			name = Preferences;
			sourceTree = "<group>";
		};
		5CD7FF3D1A449A140050E6CC /* Hachidori Tests */ = {
			isa = PBXGroup;
			children = (
				5CD7FF401A449A140050E6CC /* Hachidori_Tests.m */,
				5CD7FF3E1A449A140050E6CC /* Supporting Files */,
			);
			path = "Hachidori Tests";
			sourceTree = "<group>";
		};
		5CD7FF3E1A449A140050E6CC /* Supporting Files */ = {
			isa = PBXGroup;
			children = (
				5C2E54171A45046B006858B3 /* testdata.json */,
				5CD7FF3F1A449A140050E6CC /* Info.plist */,
			);
			name = "Supporting Files";
			sourceTree = "<group>";
		};
		82EBBD191A17FD45009F6179 /* Correction/Exception */ = {
			isa = PBXGroup;
			children = (
				82EBBD1A1A17FD5B009F6179 /* FixSearchDialog.h */,
				82EBBD1B1A17FD5B009F6179 /* FixSearchDialog.m */,
				824924A11A184C4200A01761 /* FixSearchDialog.xib */,
			);
			name = Correction/Exception;
			sourceTree = "<group>";
		};
		82F065B119FB618300E0B17A /* DetectStream */ = {
			isa = PBXGroup;
			children = (
				82F065B219FB618E00E0B17A /* detectstream */,
			);
			name = DetectStream;
			sourceTree = "<group>";
		};
/* End PBXGroup section */

/* Begin PBXNativeTarget section */
		5CD7FF3B1A449A140050E6CC /* Hachidori Tests */ = {
			isa = PBXNativeTarget;
			buildConfigurationList = 5CD7FF441A449A140050E6CC /* Build configuration list for PBXNativeTarget "Hachidori Tests" */;
			buildPhases = (
				5CD7FF381A449A140050E6CC /* Sources */,
				5CD7FF391A449A140050E6CC /* Frameworks */,
				5CD7FF3A1A449A140050E6CC /* Resources */,
			);
			buildRules = (
			);
			dependencies = (
				5CD7FF431A449A140050E6CC /* PBXTargetDependency */,
			);
			name = "Hachidori Tests";
			productName = "Hachidori Tests";
			productReference = 5CD7FF3C1A449A140050E6CC /* Hachidori Tests.xctest */;
			productType = "com.apple.product-type.bundle.unit-test";
		};
		8D1107260486CEB800E47090 /* Hachidori */ = {
			isa = PBXNativeTarget;
			buildConfigurationList = C01FCF4A08A954540054247B /* Build configuration list for PBXNativeTarget "Hachidori" */;
			buildPhases = (
				8D1107290486CEB800E47090 /* Resources */,
				8D11072C0486CEB800E47090 /* Sources */,
				8D11072E0486CEB800E47090 /* Frameworks */,
				3A4C6253120DF5580032F63A /* CopyFiles */,
			);
			buildRules = (
			);
			dependencies = (
			);
			name = Hachidori;
			productInstallPath = "$(HOME)/Applications";
			productName = "MAL Updater OS X";
			productReference = 8D1107320486CEB800E47090 /* Hachidori.app */;
			productType = "com.apple.product-type.application";
		};
/* End PBXNativeTarget section */

/* Begin PBXProject section */
		29B97313FDCFA39411CA2CEA /* Project object */ = {
			isa = PBXProject;
			attributes = {
				LastUpgradeCheck = 0510;
				TargetAttributes = {
					5CD7FF3B1A449A140050E6CC = {
						CreatedOnToolsVersion = 6.1;
						TestTargetID = 8D1107260486CEB800E47090;
					};
				};
			};
			buildConfigurationList = C01FCF4E08A954540054247B /* Build configuration list for PBXProject "Hachidori" */;
			compatibilityVersion = "Xcode 3.2";
			developmentRegion = English;
			hasScannedForEncodings = 1;
			knownRegions = (
				English,
				Japanese,
				French,
				German,
				Base,
			);
			mainGroup = 29B97314FDCFA39411CA2CEA /* MAL Updater OS X */;
			projectDirPath = "";
			projectRoot = "";
			targets = (
				8D1107260486CEB800E47090 /* Hachidori */,
				5CD7FF3B1A449A140050E6CC /* Hachidori Tests */,
			);
		};
/* End PBXProject section */

/* Begin PBXResourcesBuildPhase section */
		5CD7FF3A1A449A140050E6CC /* Resources */ = {
			isa = PBXResourcesBuildPhase;
			buildActionMask = 2147483647;
			files = (
				5C2E54181A45046B006858B3 /* testdata.json in Resources */,
			);
			runOnlyForDeploymentPostprocessing = 0;
		};
		8D1107290486CEB800E47090 /* Resources */ = {
			isa = PBXResourcesBuildPhase;
			buildActionMask = 2147483647;
			files = (
				8D11072B0486CEB800E47090 /* InfoPlist.strings in Resources */,
				82F065B319FB618E00E0B17A /* detectstream in Resources */,
				8294C45E19F99B2F009DE98B /* Images.xcassets in Resources */,
				8249249F1A184C4200A01761 /* FixSearchDialog.xib in Resources */,
				1DDD58160DA1D0A300B32029 /* MainMenu.xib in Resources */,
				3A20383212122B2B003813B2 /* dsa_pub.pem in Resources */,
				5CC744D81A474BAC00F65E88 /* hotkey.png in Resources */,
				5C0A2C4B122C7F960096908D /* Credits.rtf in Resources */,
				825D87931A1912EF00C5E1BF /* ExceptionsPref.xib in Resources */,
				5CC744D61A474B0600F65E88 /* HotkeysPrefs.xib in Resources */,
				5C30BC07139A9DD1000B83C5 /* PreferencesSoftwareUpdateIcon.tiff in Resources */,
				5C54FFF61A369A4D00020C87 /* MASPreferencesWindow.xib in Resources */,
				5CBE9FEF19F2F9E500CA3E5D /* GeneralPreferenceView.xib in Resources */,
				5CBE9FEC19F2F9CA00CA3E5D /* LoginView.xib in Resources */,
				5CAFB2581A389E210067DD4F /* rules.png in Resources */,
				82F065B019FB613800E0B17A /* hachidori-status.png in Resources */,
				5C97491D19F3117D000EC02E /* SoftwareUpdateView.xib in Resources */,
			);
			runOnlyForDeploymentPostprocessing = 0;
		};
/* End PBXResourcesBuildPhase section */

/* Begin PBXSourcesBuildPhase section */
		5CD7FF381A449A140050E6CC /* Sources */ = {
			isa = PBXSourcesBuildPhase;
			buildActionMask = 2147483647;
			files = (
				5CD7FF411A449A140050E6CC /* Hachidori_Tests.m in Sources */,
			);
			runOnlyForDeploymentPostprocessing = 0;
		};
		8D11072C0486CEB800E47090 /* Sources */ = {
			isa = PBXSourcesBuildPhase;
			buildActionMask = 2147483647;
			files = (
				82F7A9A81A195A8300183EF7 /* Recognition.m in Sources */,
				8D11072D0486CEB800E47090 /* main.m in Sources */,
				256AC3DA0F4B6AC300CF3369 /* AppDelegate.m in Sources */,
				5CA24F711A256EF0003DDDEA /* EasyNSURLConnection.m in Sources */,
				5C75EAC01A36069E00A20229 /* MASShortcut.m in Sources */,
				3AFEF129120DF8CE0098B59D /* Hachidori.m in Sources */,
				5C881EFB19F462B400E20425 /* NSString_stripHtml.m in Sources */,
				5C75EAC21A36069E00A20229 /* MASShortcut+UserDefaults.m in Sources */,
				5C75EAC41A36069E00A20229 /* MASShortcutView+UserDefaults.m in Sources */,
				5C75EAC31A36069E00A20229 /* MASShortcutView.m in Sources */,
				3A2DCCB61210B3BF00C920F1 /* PFMoveApplication.m in Sources */,
				5C2B9DC41221E9E5006DEF0D /* MAL_Updater_OS_X_DataModel.xcdatamodel in Sources */,
				825D87911A18FD2700C5E1BF /* ExceptionsPref.m in Sources */,
				5CD36B9A19F2EA9B007BB6B6 /* MASPreferencesWindowController.m in Sources */,
				5CD36BBA19F2ED88007BB6B6 /* GeneralPrefController.m in Sources */,
				5C75EAC11A36069E00A20229 /* MASShortcut+Monitoring.m in Sources */,
				5CBE9EC319F2F0E300CA3E5D /* LoginPref.m in Sources */,
				5CC744D51A474B0600F65E88 /* HotkeysPrefs.m in Sources */,
				5C75EAC71A360C4A00A20229 /* HotKeyConstants.m in Sources */,
				82EBBD1D1A17FD5B009F6179 /* FixSearchDialog.m in Sources */,
				5C000E4419F30EA50026F350 /* SoftwareUpdatesPref.m in Sources */,
			);
			runOnlyForDeploymentPostprocessing = 0;
		};
/* End PBXSourcesBuildPhase section */

/* Begin PBXTargetDependency section */
		5CD7FF431A449A140050E6CC /* PBXTargetDependency */ = {
			isa = PBXTargetDependency;
			target = 8D1107260486CEB800E47090 /* Hachidori */;
			targetProxy = 5CD7FF421A449A140050E6CC /* PBXContainerItemProxy */;
		};
/* End PBXTargetDependency section */

/* Begin PBXVariantGroup section */
		089C165CFE840E0CC02AAC07 /* InfoPlist.strings */ = {
			isa = PBXVariantGroup;
			children = (
				089C165DFE840E0CC02AAC07 /* English */,
			);
			name = InfoPlist.strings;
			sourceTree = "<group>";
		};
		1DDD58140DA1D0A300B32029 /* MainMenu.xib */ = {
			isa = PBXVariantGroup;
			children = (
				829FB41D19F739700026EAC2 /* Base */,
			);
			name = MainMenu.xib;
			sourceTree = "<group>";
		};
		5C54FFF81A369A4D00020C87 /* MASPreferencesWindow.xib */ = {
			isa = PBXVariantGroup;
			children = (
				5C54FFF71A369A4D00020C87 /* Base */,
			);
			name = MASPreferencesWindow.xib;
			sourceTree = "<group>";
		};
		5C97491C19F3117D000EC02E /* SoftwareUpdateView.xib */ = {
			isa = PBXVariantGroup;
			children = (
				829FB42019F739700026EAC2 /* Base */,
			);
			name = SoftwareUpdateView.xib;
			sourceTree = "<group>";
		};
		5CBE9FEB19F2F9CA00CA3E5D /* LoginView.xib */ = {
			isa = PBXVariantGroup;
			children = (
				829FB41F19F739700026EAC2 /* Base */,
			);
			name = LoginView.xib;
			sourceTree = "<group>";
		};
		5CBE9FEE19F2F9E500CA3E5D /* GeneralPreferenceView.xib */ = {
			isa = PBXVariantGroup;
			children = (
				829FB41E19F739700026EAC2 /* Base */,
			);
			name = GeneralPreferenceView.xib;
			sourceTree = "<group>";
		};
		824924A11A184C4200A01761 /* FixSearchDialog.xib */ = {
			isa = PBXVariantGroup;
			children = (
				824924A01A184C4200A01761 /* Base */,
			);
			name = FixSearchDialog.xib;
			sourceTree = "<group>";
		};
		825D87951A1912EF00C5E1BF /* ExceptionsPref.xib */ = {
			isa = PBXVariantGroup;
			children = (
				825D87941A1912EF00C5E1BF /* Base */,
			);
			name = ExceptionsPref.xib;
			sourceTree = "<group>";
		};
/* End PBXVariantGroup section */

/* Begin XCBuildConfiguration section */
		5CD7FF451A449A140050E6CC /* Debug */ = {
			isa = XCBuildConfiguration;
			buildSettings = {
				ALWAYS_SEARCH_USER_PATHS = NO;
				BUNDLE_LOADER = "$(TEST_HOST)";
				CLANG_CXX_LANGUAGE_STANDARD = "gnu++0x";
				CLANG_CXX_LIBRARY = "libc++";
				CLANG_ENABLE_MODULES = YES;
				CLANG_WARN_BOOL_CONVERSION = YES;
				CLANG_WARN_CONSTANT_CONVERSION = YES;
				CLANG_WARN_DIRECT_OBJC_ISA_USAGE = YES_ERROR;
				CLANG_WARN_EMPTY_BODY = YES;
				CLANG_WARN_ENUM_CONVERSION = YES;
				CLANG_WARN_INT_CONVERSION = YES;
				CLANG_WARN_OBJC_ROOT_CLASS = YES_ERROR;
				CLANG_WARN_UNREACHABLE_CODE = YES;
				CLANG_WARN__DUPLICATE_METHOD_MATCH = YES;
				COMBINE_HIDPI_IMAGES = YES;
				COPY_PHASE_STRIP = NO;
				ENABLE_STRICT_OBJC_MSGSEND = YES;
				FRAMEWORK_SEARCH_PATHS = (
					"$(DEVELOPER_FRAMEWORKS_DIR)",
					"$(inherited)",
					"$(PROJECT_DIR)/Frameworks",
				);
				GCC_DYNAMIC_NO_PIC = NO;
				GCC_OPTIMIZATION_LEVEL = 0;
				GCC_PREPROCESSOR_DEFINITIONS = (
					"DEBUG=1",
					"$(inherited)",
				);
				GCC_SYMBOLS_PRIVATE_EXTERN = NO;
				GCC_WARN_64_TO_32_BIT_CONVERSION = YES;
				GCC_WARN_ABOUT_RETURN_TYPE = YES_ERROR;
				GCC_WARN_UNDECLARED_SELECTOR = YES;
				GCC_WARN_UNINITIALIZED_AUTOS = YES_AGGRESSIVE;
				GCC_WARN_UNUSED_FUNCTION = YES;
				INFOPLIST_FILE = "Hachidori Tests/Info.plist";
				LD_RUNPATH_SEARCH_PATHS = "$(inherited) @executable_path/../Frameworks @loader_path/../Frameworks";
				MACOSX_DEPLOYMENT_TARGET = 10.9;
				MTL_ENABLE_DEBUG_INFO = YES;
				ONLY_ACTIVE_ARCH = YES;
				PRODUCT_NAME = "$(TARGET_NAME)";
				TEST_HOST = "$(BUILT_PRODUCTS_DIR)/Hachidori.app/Contents/MacOS/Hachidori";
			};
			name = Debug;
		};
		5CD7FF461A449A140050E6CC /* Release */ = {
			isa = XCBuildConfiguration;
			buildSettings = {
				ALWAYS_SEARCH_USER_PATHS = NO;
				BUNDLE_LOADER = "$(TEST_HOST)";
				CLANG_CXX_LANGUAGE_STANDARD = "gnu++0x";
				CLANG_CXX_LIBRARY = "libc++";
				CLANG_ENABLE_MODULES = YES;
				CLANG_WARN_BOOL_CONVERSION = YES;
				CLANG_WARN_CONSTANT_CONVERSION = YES;
				CLANG_WARN_DIRECT_OBJC_ISA_USAGE = YES_ERROR;
				CLANG_WARN_EMPTY_BODY = YES;
				CLANG_WARN_ENUM_CONVERSION = YES;
				CLANG_WARN_INT_CONVERSION = YES;
				CLANG_WARN_OBJC_ROOT_CLASS = YES_ERROR;
				CLANG_WARN_UNREACHABLE_CODE = YES;
				CLANG_WARN__DUPLICATE_METHOD_MATCH = YES;
				COMBINE_HIDPI_IMAGES = YES;
				COPY_PHASE_STRIP = YES;
				DEBUG_INFORMATION_FORMAT = "dwarf-with-dsym";
				ENABLE_NS_ASSERTIONS = NO;
				ENABLE_STRICT_OBJC_MSGSEND = YES;
				FRAMEWORK_SEARCH_PATHS = (
					"$(DEVELOPER_FRAMEWORKS_DIR)",
					"$(inherited)",
					"$(PROJECT_DIR)/Frameworks",
				);
				GCC_C_LANGUAGE_STANDARD = gnu99;
				GCC_WARN_64_TO_32_BIT_CONVERSION = YES;
				GCC_WARN_ABOUT_RETURN_TYPE = YES_ERROR;
				GCC_WARN_UNDECLARED_SELECTOR = YES;
				GCC_WARN_UNINITIALIZED_AUTOS = YES_AGGRESSIVE;
				GCC_WARN_UNUSED_FUNCTION = YES;
				INFOPLIST_FILE = "Hachidori Tests/Info.plist";
				LD_RUNPATH_SEARCH_PATHS = "$(inherited) @executable_path/../Frameworks @loader_path/../Frameworks";
				MACOSX_DEPLOYMENT_TARGET = 10.9;
				MTL_ENABLE_DEBUG_INFO = NO;
				PRODUCT_NAME = "$(TARGET_NAME)";
				TEST_HOST = "$(BUILT_PRODUCTS_DIR)/Hachidori.app/Contents/MacOS/Hachidori";
			};
			name = Release;
		};
		C01FCF4B08A954540054247B /* Debug */ = {
			isa = XCBuildConfiguration;
			buildSettings = {
				ALWAYS_SEARCH_USER_PATHS = NO;
				ASSETCATALOG_COMPILER_APPICON_NAME = AppIcon;
				CLANG_ENABLE_OBJC_ARC = YES;
				COPY_PHASE_STRIP = NO;
				FRAMEWORK_SEARCH_PATHS = (
					"$(SRCROOT)/**",
					"$(SRCROOT)/\"Frameworks\"/**",
					"$(inherited)",
					"$(PROJECT_DIR)",
					"$(PROJECT_DIR)/Frameworks",
				);
				GCC_DYNAMIC_NO_PIC = NO;
				GCC_ENABLE_FIX_AND_CONTINUE = YES;
				GCC_MODEL_TUNING = G5;
				GCC_OPTIMIZATION_LEVEL = 0;
				GCC_PRECOMPILE_PREFIX_HEADER = YES;
				GCC_PREFIX_HEADER = MAL_Updater_OS_X_Prefix.pch;
				GCC_PREPROCESSOR_DEFINITIONS = "DEBUG=1";
				GCC_SYMBOLS_PRIVATE_EXTERN = NO;
				INFOPLIST_FILE = "Hachidori-info.plist";
				INSTALL_PATH = "$(HOME)/Documents/Build/Debug";
				MACOSX_DEPLOYMENT_TARGET = 10.8;
				PRODUCT_NAME = Hachidori;
				SDKROOT = macosx;
				STRIP_INSTALLED_PRODUCT = NO;
			};
			name = Debug;
		};
		C01FCF4C08A954540054247B /* Release */ = {
			isa = XCBuildConfiguration;
			buildSettings = {
				ALWAYS_SEARCH_USER_PATHS = NO;
				ASSETCATALOG_COMPILER_APPICON_NAME = AppIcon;
				CLANG_ENABLE_OBJC_ARC = YES;
				COPY_PHASE_STRIP = NO;
				DEBUG_INFORMATION_FORMAT = "dwarf-with-dsym";
				FRAMEWORK_SEARCH_PATHS = (
					"$(SRCROOT)/**",
					"$(SRCROOT)/\"Frameworks\"/**",
					"$(inherited)",
					"$(PROJECT_DIR)",
					"$(PROJECT_DIR)/Frameworks",
				);
				GCC_MODEL_TUNING = G5;
				GCC_PRECOMPILE_PREFIX_HEADER = YES;
				GCC_PREFIX_HEADER = MAL_Updater_OS_X_Prefix.pch;
				GCC_SYMBOLS_PRIVATE_EXTERN = NO;
				INFOPLIST_FILE = "Hachidori-info.plist";
				INSTALL_PATH = "$(HOME)/Documents/Build/Release";
				MACOSX_DEPLOYMENT_TARGET = 10.8;
				PRODUCT_NAME = Hachidori;
				SDKROOT = macosx;
				STRIP_INSTALLED_PRODUCT = YES;
			};
			name = Release;
		};
		C01FCF4F08A954540054247B /* Debug */ = {
			isa = XCBuildConfiguration;
			buildSettings = {
				ARCHS = "$(ARCHS_STANDARD_64_BIT)";
				CLANG_ENABLE_OBJC_ARC = YES;
				CLANG_LINK_OBJC_RUNTIME = NO;
				GCC_C_LANGUAGE_STANDARD = gnu99;
				GCC_ENABLE_OBJC_GC = unsupported;
				GCC_OPTIMIZATION_LEVEL = s;
				GCC_WARN_ABOUT_RETURN_TYPE = YES;
				GCC_WARN_UNUSED_VARIABLE = YES;
				HEADER_SEARCH_PATHS = "\"${SDKROOT}/usr/include/libxml2\"/**";
				MACOSX_DEPLOYMENT_TARGET = 10.8;
				ONLY_ACTIVE_ARCH = NO;
				PREBINDING = NO;
				SDKROOT = macosx;
				USER_HEADER_SEARCH_PATHS = "\"${SDKROOT}/usr/include/libxml2\"/**";
			};
			name = Debug;
		};
		C01FCF5008A954540054247B /* Release */ = {
			isa = XCBuildConfiguration;
			buildSettings = {
				ARCHS = "$(ARCHS_STANDARD_64_BIT)";
				CLANG_ENABLE_OBJC_ARC = YES;
				CLANG_LINK_OBJC_RUNTIME = NO;
				CODE_SIGN_IDENTITY = "";
				COPY_PHASE_STRIP = NO;
				GCC_C_LANGUAGE_STANDARD = c99;
				GCC_ENABLE_OBJC_GC = unsupported;
				GCC_OPTIMIZATION_LEVEL = s;
				GCC_WARN_ABOUT_RETURN_TYPE = YES;
				GCC_WARN_UNUSED_VARIABLE = YES;
				HEADER_SEARCH_PATHS = "\"${SDKROOT}/usr/include/libxml2\"/**";
				MACOSX_DEPLOYMENT_TARGET = 10.8;
				ONLY_ACTIVE_ARCH = NO;
				PREBINDING = NO;
				SDKROOT = macosx;
				STRIP_INSTALLED_PRODUCT = NO;
				USER_HEADER_SEARCH_PATHS = "\"${SDKROOT}/usr/include/libxml2\"/**";
				VALID_ARCHS = "x86_64 i386 ppc ppc64 ppc7400 ppc970";
			};
			name = Release;
		};
/* End XCBuildConfiguration section */

/* Begin XCConfigurationList section */
		5CD7FF441A449A140050E6CC /* Build configuration list for PBXNativeTarget "Hachidori Tests" */ = {
			isa = XCConfigurationList;
			buildConfigurations = (
				5CD7FF451A449A140050E6CC /* Debug */,
				5CD7FF461A449A140050E6CC /* Release */,
			);
			defaultConfigurationIsVisible = 0;
			defaultConfigurationName = Release;
		};
		C01FCF4A08A954540054247B /* Build configuration list for PBXNativeTarget "Hachidori" */ = {
			isa = XCConfigurationList;
			buildConfigurations = (
				C01FCF4B08A954540054247B /* Debug */,
				C01FCF4C08A954540054247B /* Release */,
			);
			defaultConfigurationIsVisible = 0;
			defaultConfigurationName = Release;
		};
		C01FCF4E08A954540054247B /* Build configuration list for PBXProject "Hachidori" */ = {
			isa = XCConfigurationList;
			buildConfigurations = (
				C01FCF4F08A954540054247B /* Debug */,
				C01FCF5008A954540054247B /* Release */,
			);
			defaultConfigurationIsVisible = 0;
			defaultConfigurationName = Release;
		};
/* End XCConfigurationList section */
	};
	rootObject = 29B97313FDCFA39411CA2CEA /* Project object */;
}
